
Microsoft Visual Studio Solution File, Format Version 12.00
# Visual Studio Version 17
VisualStudioVersion = 17.0.31919.166
MinimumVisualStudioVersion = 10.0.40219.1
Project("{9A19103F-16F7-4668-BE54-9A1E7A4F7556}") = "KinoReal", "KinoReal\KinoReal.csproj", "{855A4C82-F4FE-4736-850E-34E685834927}"
EndProject
Global
	GlobalSection(SolutionConfigurationPlatforms) = preSolution
		Debug|Any CPU = Debug|Any CPU
		Release|Any CPU = Release|Any CPU
	EndGlobalSection
	GlobalSection(ProjectConfigurationPlatforms) = postSolution
		{855A4C82-F4FE-4736-850E-34E685834927}.Debug|Any CPU.ActiveCfg = Debug|Any CPU
		{855A4C82-F4FE-4736-850E-34E685834927}.Debug|Any CPU.Build.0 = Debug|Any CPU
		{855A4C82-F4FE-4736-850E-34E685834927}.Release|Any CPU.ActiveCfg = Release|Any CPU
		{855A4C82-F4FE-4736-850E-34E685834927}.Release|Any CPU.Build.0 = Release|Any CPU
	EndGlobalSection
	GlobalSection(SolutionProperties) = preSolution
		HideSolutionNode = FALSE
	EndGlobalSection
	GlobalSection(ExtensibilityGlobals) = postSolution
		SolutionGuid = {13EDF33B-33D6-4477-877F-80028243EFBC}
	EndGlobalSection
EndGlobal
